
Microsoft Visual Studio Solution File, Format Version 12.00
Project("{FAE04EC0-301F-11D3-BF4B-00C04F79EFBC}") = "opcxmlda", "opcxmlda\opcxmlda.csproj", "{C755DCDD-07A8-4D9E-95B9-998DC1FF83B1}"
EndProject
Global
	GlobalSection(SolutionConfigurationPlatforms) = preSolution
		Debug|Any CPU = Debug|Any CPU
		Release|Any CPU = Release|Any CPU
		Debug 32bit|Any CPU = Debug 32bit|Any CPU
	EndGlobalSection
	GlobalSection(ProjectConfigurationPlatforms) = postSolution
		{C755DCDD-07A8-4D9E-95B9-998DC1FF83B1}.Debug|Any CPU.ActiveCfg = Debug|Any CPU
		{C755DCDD-07A8-4D9E-95B9-998DC1FF83B1}.Debug|Any CPU.Build.0 = Debug|Any CPU
		{C755DCDD-07A8-4D9E-95B9-998DC1FF83B1}.Release|Any CPU.ActiveCfg = Release|Any CPU
		{C755DCDD-07A8-4D9E-95B9-998DC1FF83B1}.Release|Any CPU.Build.0 = Release|Any CPU
		{C755DCDD-07A8-4D9E-95B9-998DC1FF83B1}.Debug 32bit|Any CPU.ActiveCfg = Debug 32bit|Any CPU
		{C755DCDD-07A8-4D9E-95B9-998DC1FF83B1}.Debug 32bit|Any CPU.Build.0 = Debug 32bit|Any CPU
	EndGlobalSection
EndGlobal
